
Microsoft Visual Studio Solution File, Format Version 12.00
# Visual Studio Version 17
VisualStudioVersion = 17.5.002.0
MinimumVisualStudioVersion = 10.0.40219.1
Project("{9A19103F-16F7-4668-BE54-9A1E7A4F7556}") = "univer", "univer.csproj", "{D7C2A1B8-97B8-488D-AD9E-235E5BA1BFEF}"
EndProject
Global
	GlobalSection(SolutionConfigurationPlatforms) = preSolution
		Debug|Any CPU = Debug|Any CPU
		Release|Any CPU = Release|Any CPU
	EndGlobalSection
	GlobalSection(ProjectConfigurationPlatforms) = postSolution
		{D7C2A1B8-97B8-488D-AD9E-235E5BA1BFEF}.Debug|Any CPU.ActiveCfg = Debug|Any CPU
		{D7C2A1B8-97B8-488D-AD9E-235E5BA1BFEF}.Debug|Any CPU.Build.0 = Debug|Any CPU
		{D7C2A1B8-97B8-488D-AD9E-235E5BA1BFEF}.Release|Any CPU.ActiveCfg = Release|Any CPU
		{D7C2A1B8-97B8-488D-AD9E-235E5BA1BFEF}.Release|Any CPU.Build.0 = Release|Any CPU
	EndGlobalSection
	GlobalSection(SolutionProperties) = preSolution
		HideSolutionNode = FALSE
	EndGlobalSection
	GlobalSection(ExtensibilityGlobals) = postSolution
		SolutionGuid = {8E40D0FC-33A7-4512-A242-3241988C1794}
	EndGlobalSection
EndGlobal
